
Microsoft Visual Studio Solution File, Format Version 12.00
# Visual Studio Version 16
VisualStudioVersion = 16.0.31424.327
MinimumVisualStudioVersion = 10.0.40219.1
Project("{FAE04EC0-301F-11D3-BF4B-00C04F79EFBC}") = "Presentacion", "Presentacion\Presentacion.csproj", "{07A5121E-D2E8-4FFE-8E24-718BCDDDF7FF}"
EndProject
Project("{FAE04EC0-301F-11D3-BF4B-00C04F79EFBC}") = "Imagenes", "Imagenes\Imagenes.csproj", "{F0B53E12-4880-490E-A2DB-7D1A9B2538CA}"
EndProject
Project("{FAE04EC0-301F-11D3-BF4B-00C04F79EFBC}") = "Objetos", "Objetos\Objetos.csproj", "{CC0463B6-1744-4729-87A9-DE886ACBA33F}"
EndProject
Project("{FAE04EC0-301F-11D3-BF4B-00C04F79EFBC}") = "Negocio", "Negocio\Negocio.csproj", "{8FB112BA-5650-4856-8676-9BBB7C592EC6}"
EndProject
Project("{FAE04EC0-301F-11D3-BF4B-00C04F79EFBC}") = "Datos", "Datos\Datos.csproj", "{5AFF55E4-2D9A-41F5-ACAA-9F8E9D0F250E}"
EndProject
Global
	GlobalSection(SolutionConfigurationPlatforms) = preSolution
		Debug|Any CPU = Debug|Any CPU
		Release|Any CPU = Release|Any CPU
	EndGlobalSection
	GlobalSection(ProjectConfigurationPlatforms) = postSolution
		{07A5121E-D2E8-4FFE-8E24-718BCDDDF7FF}.Debug|Any CPU.ActiveCfg = Debug|Any CPU
		{07A5121E-D2E8-4FFE-8E24-718BCDDDF7FF}.Debug|Any CPU.Build.0 = Debug|Any CPU
		{07A5121E-D2E8-4FFE-8E24-718BCDDDF7FF}.Release|Any CPU.ActiveCfg = Release|Any CPU
		{07A5121E-D2E8-4FFE-8E24-718BCDDDF7FF}.Release|Any CPU.Build.0 = Release|Any CPU
		{F0B53E12-4880-490E-A2DB-7D1A9B2538CA}.Debug|Any CPU.ActiveCfg = Debug|Any CPU
		{F0B53E12-4880-490E-A2DB-7D1A9B2538CA}.Debug|Any CPU.Build.0 = Debug|Any CPU
		{F0B53E12-4880-490E-A2DB-7D1A9B2538CA}.Release|Any CPU.ActiveCfg = Release|Any CPU
		{F0B53E12-4880-490E-A2DB-7D1A9B2538CA}.Release|Any CPU.Build.0 = Release|Any CPU
		{CC0463B6-1744-4729-87A9-DE886ACBA33F}.Debug|Any CPU.ActiveCfg = Debug|Any CPU
		{CC0463B6-1744-4729-87A9-DE886ACBA33F}.Debug|Any CPU.Build.0 = Debug|Any CPU
		{CC0463B6-1744-4729-87A9-DE886ACBA33F}.Release|Any CPU.ActiveCfg = Release|Any CPU
		{CC0463B6-1744-4729-87A9-DE886ACBA33F}.Release|Any CPU.Build.0 = Release|Any CPU
		{8FB112BA-5650-4856-8676-9BBB7C592EC6}.Debug|Any CPU.ActiveCfg = Debug|Any CPU
		{8FB112BA-5650-4856-8676-9BBB7C592EC6}.Debug|Any CPU.Build.0 = Debug|Any CPU
		{8FB112BA-5650-4856-8676-9BBB7C592EC6}.Release|Any CPU.ActiveCfg = Release|Any CPU
		{8FB112BA-5650-4856-8676-9BBB7C592EC6}.Release|Any CPU.Build.0 = Release|Any CPU
		{5AFF55E4-2D9A-41F5-ACAA-9F8E9D0F250E}.Debug|Any CPU.ActiveCfg = Debug|Any CPU
		{5AFF55E4-2D9A-41F5-ACAA-9F8E9D0F250E}.Debug|Any CPU.Build.0 = Debug|Any CPU
		{5AFF55E4-2D9A-41F5-ACAA-9F8E9D0F250E}.Release|Any CPU.ActiveCfg = Release|Any CPU
		{5AFF55E4-2D9A-41F5-ACAA-9F8E9D0F250E}.Release|Any CPU.Build.0 = Release|Any CPU
	EndGlobalSection
	GlobalSection(SolutionProperties) = preSolution
		HideSolutionNode = FALSE
	EndGlobalSection
	GlobalSection(ExtensibilityGlobals) = postSolution
		SolutionGuid = {881CEDC5-F554-48A6-9281-6329017113FA}
	EndGlobalSection
EndGlobal
